
Microsoft Visual Studio Solution File, Format Version 12.00
# Visual Studio Version 17
VisualStudioVersion = 17.0.31912.275
MinimumVisualStudioVersion = 10.0.40219.1
Project("{9A19103F-16F7-4668-BE54-9A1E7A4F7556}") = "ResidentalComplexManagment.Web", "ResidentalComplexManagment.Web\ResidentalComplexManagment.Web.csproj", "{936E51F2-27F8-493A-BFC7-AF14749E8B78}"
EndProject
Project("{9A19103F-16F7-4668-BE54-9A1E7A4F7556}") = "ResidentalComplexManagment.Domain", "ResidentalComplexManagment.Core\ResidentalComplexManagment.Domain.csproj", "{F7FF1E02-1C9D-4958-BE60-29F43184ECA5}"
EndProject
Project("{9A19103F-16F7-4668-BE54-9A1E7A4F7556}") = "ResidentalComplexManagment.Infrastructure", "ResidentalComplexManagment.Infrastructure\ResidentalComplexManagment.Infrastructure.csproj", "{F3BD7EAF-2132-47F7-BF21-39D300F0D47D}"
EndProject
Project("{FAE04EC0-301F-11D3-BF4B-00C04F79EFBC}") = "ResidentalComplexManagment.Application", "ResidentalComplexManagment.Application\ResidentalComplexManagment.Application.csproj", "{BE289274-14F3-4EE2-80C1-43485720A78E}"
EndProject
Global
	GlobalSection(SolutionConfigurationPlatforms) = preSolution
		Debug|Any CPU = Debug|Any CPU
		Release|Any CPU = Release|Any CPU
	EndGlobalSection
	GlobalSection(ProjectConfigurationPlatforms) = postSolution
		{936E51F2-27F8-493A-BFC7-AF14749E8B78}.Debug|Any CPU.ActiveCfg = Debug|Any CPU
		{936E51F2-27F8-493A-BFC7-AF14749E8B78}.Debug|Any CPU.Build.0 = Debug|Any CPU
		{936E51F2-27F8-493A-BFC7-AF14749E8B78}.Release|Any CPU.ActiveCfg = Release|Any CPU
		{936E51F2-27F8-493A-BFC7-AF14749E8B78}.Release|Any CPU.Build.0 = Release|Any CPU
		{F7FF1E02-1C9D-4958-BE60-29F43184ECA5}.Debug|Any CPU.ActiveCfg = Debug|Any CPU
		{F7FF1E02-1C9D-4958-BE60-29F43184ECA5}.Debug|Any CPU.Build.0 = Debug|Any CPU
		{F7FF1E02-1C9D-4958-BE60-29F43184ECA5}.Release|Any CPU.ActiveCfg = Release|Any CPU
		{F7FF1E02-1C9D-4958-BE60-29F43184ECA5}.Release|Any CPU.Build.0 = Release|Any CPU
		{F3BD7EAF-2132-47F7-BF21-39D300F0D47D}.Debug|Any CPU.ActiveCfg = Debug|Any CPU
		{F3BD7EAF-2132-47F7-BF21-39D300F0D47D}.Debug|Any CPU.Build.0 = Debug|Any CPU
		{F3BD7EAF-2132-47F7-BF21-39D300F0D47D}.Release|Any CPU.ActiveCfg = Release|Any CPU
		{F3BD7EAF-2132-47F7-BF21-39D300F0D47D}.Release|Any CPU.Build.0 = Release|Any CPU
		{BE289274-14F3-4EE2-80C1-43485720A78E}.Debug|Any CPU.ActiveCfg = Debug|Any CPU
		{BE289274-14F3-4EE2-80C1-43485720A78E}.Debug|Any CPU.Build.0 = Debug|Any CPU
		{BE289274-14F3-4EE2-80C1-43485720A78E}.Release|Any CPU.ActiveCfg = Release|Any CPU
		{BE289274-14F3-4EE2-80C1-43485720A78E}.Release|Any CPU.Build.0 = Release|Any CPU
	EndGlobalSection
	GlobalSection(SolutionProperties) = preSolution
		HideSolutionNode = FALSE
	EndGlobalSection
	GlobalSection(ExtensibilityGlobals) = postSolution
		SolutionGuid = {64F8E386-8859-4A65-9BAB-885A231177D7}
	EndGlobalSection
EndGlobal
